
Microsoft Visual Studio Solution File, Format Version 12.00
# Visual Studio Version 17
VisualStudioVersion = 17.14.36301.6 d17.14
MinimumVisualStudioVersion = 10.0.40219.1
Project("{FAE04EC0-301F-11D3-BF4B-00C04F79EFBC}") = "RapidApiDayHotel", "RapidApiDayHotel\RapidApiDayHotel.csproj", "{0DA0479F-0EE4-416A-86D4-DA81E059A259}"
EndProject
Global
	GlobalSection(SolutionConfigurationPlatforms) = preSolution
		Debug|Any CPU = Debug|Any CPU
		Release|Any CPU = Release|Any CPU
	EndGlobalSection
	GlobalSection(ProjectConfigurationPlatforms) = postSolution
		{0DA0479F-0EE4-416A-86D4-DA81E059A259}.Debug|Any CPU.ActiveCfg = Debug|Any CPU
		{0DA0479F-0EE4-416A-86D4-DA81E059A259}.Debug|Any CPU.Build.0 = Debug|Any CPU
		{0DA0479F-0EE4-416A-86D4-DA81E059A259}.Release|Any CPU.ActiveCfg = Release|Any CPU
		{0DA0479F-0EE4-416A-86D4-DA81E059A259}.Release|Any CPU.Build.0 = Release|Any CPU
	EndGlobalSection
	GlobalSection(SolutionProperties) = preSolution
		HideSolutionNode = FALSE
	EndGlobalSection
	GlobalSection(ExtensibilityGlobals) = postSolution
		SolutionGuid = {3405AE37-2F09-41BF-80C6-C48797691BCC}
	EndGlobalSection
EndGlobal
